
Microsoft Visual Studio Solution File, Format Version 12.00
# Visual Studio Version 17
VisualStudioVersion = 17.9.34616.47
MinimumVisualStudioVersion = 10.0.40219.1
Project("{888888A0-9F3D-457C-B088-3A5042F75D52}") = "Biblioteka1", "Biblioteka1\Biblioteka1.pyproj", "{A6EE4F24-F9F9-4487-B5C9-C461357B892E}"
EndProject
Global
	GlobalSection(SolutionConfigurationPlatforms) = preSolution
		Debug|Any CPU = Debug|Any CPU
		Release|Any CPU = Release|Any CPU
	EndGlobalSection
	GlobalSection(ProjectConfigurationPlatforms) = postSolution
		{A6EE4F24-F9F9-4487-B5C9-C461357B892E}.Debug|Any CPU.ActiveCfg = Debug|Any CPU
		{A6EE4F24-F9F9-4487-B5C9-C461357B892E}.Release|Any CPU.ActiveCfg = Release|Any CPU
	EndGlobalSection
	GlobalSection(SolutionProperties) = preSolution
		HideSolutionNode = FALSE
	EndGlobalSection
	GlobalSection(ExtensibilityGlobals) = postSolution
		SolutionGuid = {F7F4376E-C452-4FF9-B84B-19D844418C8D}
	EndGlobalSection
EndGlobal
